
Microsoft Visual Studio Solution File, Format Version 12.00
# Visual Studio Version 16
VisualStudioVersion = 16.0.30503.244
MinimumVisualStudioVersion = 10.0.40219.1
Project("{FAE04EC0-301F-11D3-BF4B-00C04F79EFBC}") = "Task01", "Task01\Task01.csproj", "{CC54762D-03B5-45CB-AF8D-6FDEF9960F1C}"
EndProject
Global
	GlobalSection(SolutionConfigurationPlatforms) = preSolution
		Debug|Any CPU = Debug|Any CPU
		Release|Any CPU = Release|Any CPU
	EndGlobalSection
	GlobalSection(ProjectConfigurationPlatforms) = postSolution
		{CC54762D-03B5-45CB-AF8D-6FDEF9960F1C}.Debug|Any CPU.ActiveCfg = Debug|Any CPU
		{CC54762D-03B5-45CB-AF8D-6FDEF9960F1C}.Debug|Any CPU.Build.0 = Debug|Any CPU
		{CC54762D-03B5-45CB-AF8D-6FDEF9960F1C}.Release|Any CPU.ActiveCfg = Release|Any CPU
		{CC54762D-03B5-45CB-AF8D-6FDEF9960F1C}.Release|Any CPU.Build.0 = Release|Any CPU
	EndGlobalSection
	GlobalSection(SolutionProperties) = preSolution
		HideSolutionNode = FALSE
	EndGlobalSection
	GlobalSection(ExtensibilityGlobals) = postSolution
		SolutionGuid = {973D10D0-958F-429B-B2C2-CEE5BBCB3022}
	EndGlobalSection
EndGlobal
