
Microsoft Visual Studio Solution File, Format Version 12.00
# Visual Studio Version 16
VisualStudioVersion = 16.0.30503.244
MinimumVisualStudioVersion = 10.0.40219.1
Project("{FAE04EC0-301F-11D3-BF4B-00C04F79EFBC}") = "task08_2", "task08_2\task08_2.csproj", "{52754D2E-2C67-41D0-B050-B92971DA5359}"
EndProject
Global
	GlobalSection(SolutionConfigurationPlatforms) = preSolution
		Debug|Any CPU = Debug|Any CPU
		Release|Any CPU = Release|Any CPU
	EndGlobalSection
	GlobalSection(ProjectConfigurationPlatforms) = postSolution
		{52754D2E-2C67-41D0-B050-B92971DA5359}.Debug|Any CPU.ActiveCfg = Debug|Any CPU
		{52754D2E-2C67-41D0-B050-B92971DA5359}.Debug|Any CPU.Build.0 = Debug|Any CPU
		{52754D2E-2C67-41D0-B050-B92971DA5359}.Release|Any CPU.ActiveCfg = Release|Any CPU
		{52754D2E-2C67-41D0-B050-B92971DA5359}.Release|Any CPU.Build.0 = Release|Any CPU
	EndGlobalSection
	GlobalSection(SolutionProperties) = preSolution
		HideSolutionNode = FALSE
	EndGlobalSection
	GlobalSection(ExtensibilityGlobals) = postSolution
		SolutionGuid = {074499B7-EFA4-4F7E-9FA8-DD3F1AC74A75}
	EndGlobalSection
EndGlobal
